
Microsoft Visual Studio Solution File, Format Version 12.00
# Visual Studio 15
VisualStudioVersion = 15.0.28010.2019
MinimumVisualStudioVersion = 10.0.40219.1
Project("{FAE04EC0-301F-11D3-BF4B-00C04F79EFBC}") = "ConsoleApp1", "ConsoleApp1\ConsoleApp1.csproj", "{A3CED65B-87E9-4C74-8C0D-A6A30889AC59}"
EndProject
Global
	GlobalSection(SolutionConfigurationPlatforms) = preSolution
		Debug|Any CPU = Debug|Any CPU
		Release|Any CPU = Release|Any CPU
	EndGlobalSection
	GlobalSection(ProjectConfigurationPlatforms) = postSolution
		{A3CED65B-87E9-4C74-8C0D-A6A30889AC59}.Debug|Any CPU.ActiveCfg = Debug|Any CPU
		{A3CED65B-87E9-4C74-8C0D-A6A30889AC59}.Debug|Any CPU.Build.0 = Debug|Any CPU
		{A3CED65B-87E9-4C74-8C0D-A6A30889AC59}.Release|Any CPU.ActiveCfg = Release|Any CPU
		{A3CED65B-87E9-4C74-8C0D-A6A30889AC59}.Release|Any CPU.Build.0 = Release|Any CPU
	EndGlobalSection
	GlobalSection(SolutionProperties) = preSolution
		HideSolutionNode = FALSE
	EndGlobalSection
	GlobalSection(ExtensibilityGlobals) = postSolution
		SolutionGuid = {82A12908-2F88-42D2-86B6-D0897981C004}
	EndGlobalSection
EndGlobal
